
Microsoft Visual Studio Solution File, Format Version 12.00
# Visual Studio 14
VisualStudioVersion = 14.0.24720.0
MinimumVisualStudioVersion = 10.0.40219.1
Project("{FAE04EC0-301F-11D3-BF4B-00C04F79EFBC}") = "A319TS", "A319TS\A319TS.csproj", "{20870931-4E92-41DC-8FB8-D5737D76C3E1}"
EndProject
Project("{FAE04EC0-301F-11D3-BF4B-00C04F79EFBC}") = "A319TS.Tests", "A319TS.Tests\A319TS.Tests.csproj", "{F18792F4-4AAE-4846-9851-0D747EDA6789}"
EndProject
Global
	GlobalSection(SolutionConfigurationPlatforms) = preSolution
		Debug|Any CPU = Debug|Any CPU
		Release|Any CPU = Release|Any CPU
	EndGlobalSection
	GlobalSection(ProjectConfigurationPlatforms) = postSolution
		{20870931-4E92-41DC-8FB8-D5737D76C3E1}.Debug|Any CPU.ActiveCfg = Debug|Any CPU
		{20870931-4E92-41DC-8FB8-D5737D76C3E1}.Debug|Any CPU.Build.0 = Debug|Any CPU
		{20870931-4E92-41DC-8FB8-D5737D76C3E1}.Release|Any CPU.ActiveCfg = Release|Any CPU
		{20870931-4E92-41DC-8FB8-D5737D76C3E1}.Release|Any CPU.Build.0 = Release|Any CPU
		{F18792F4-4AAE-4846-9851-0D747EDA6789}.Debug|Any CPU.ActiveCfg = Debug|Any CPU
		{F18792F4-4AAE-4846-9851-0D747EDA6789}.Debug|Any CPU.Build.0 = Debug|Any CPU
		{F18792F4-4AAE-4846-9851-0D747EDA6789}.Release|Any CPU.ActiveCfg = Release|Any CPU
		{F18792F4-4AAE-4846-9851-0D747EDA6789}.Release|Any CPU.Build.0 = Release|Any CPU
	EndGlobalSection
	GlobalSection(SolutionProperties) = preSolution
		HideSolutionNode = FALSE
	EndGlobalSection
EndGlobal
